
Microsoft Visual Studio Solution File, Format Version 12.00
# Visual Studio Version 17
VisualStudioVersion = 17.9.34607.119
MinimumVisualStudioVersion = 10.0.40219.1
Project("{9A19103F-16F7-4668-BE54-9A1E7A4F7556}") = "TBA_SignUp", "TBA_SignUp\TBA_SignUp.csproj", "{B5077E15-1E36-44F2-BD21-3FC345A3F6FC}"
EndProject
Project("{9A19103F-16F7-4668-BE54-9A1E7A4F7556}") = "User.Management.Service", "User.Management.Service\User.Management.Service.csproj", "{B2C5A66D-874D-4EF4-B174-21B926C9D927}"
EndProject
Project("{FAE04EC0-301F-11D3-BF4B-00C04F79EFBC}") = "User.Management.Data", "User.Management.Data\User.Management.Data.csproj", "{FC133AB8-6791-4A0A-B13D-B745151566B5}"
EndProject
Global
	GlobalSection(SolutionConfigurationPlatforms) = preSolution
		Debug|Any CPU = Debug|Any CPU
		Release|Any CPU = Release|Any CPU
	EndGlobalSection
	GlobalSection(ProjectConfigurationPlatforms) = postSolution
		{B5077E15-1E36-44F2-BD21-3FC345A3F6FC}.Debug|Any CPU.ActiveCfg = Debug|Any CPU
		{B5077E15-1E36-44F2-BD21-3FC345A3F6FC}.Debug|Any CPU.Build.0 = Debug|Any CPU
		{B5077E15-1E36-44F2-BD21-3FC345A3F6FC}.Release|Any CPU.ActiveCfg = Release|Any CPU
		{B5077E15-1E36-44F2-BD21-3FC345A3F6FC}.Release|Any CPU.Build.0 = Release|Any CPU
		{B2C5A66D-874D-4EF4-B174-21B926C9D927}.Debug|Any CPU.ActiveCfg = Debug|Any CPU
		{B2C5A66D-874D-4EF4-B174-21B926C9D927}.Debug|Any CPU.Build.0 = Debug|Any CPU
		{B2C5A66D-874D-4EF4-B174-21B926C9D927}.Release|Any CPU.ActiveCfg = Release|Any CPU
		{B2C5A66D-874D-4EF4-B174-21B926C9D927}.Release|Any CPU.Build.0 = Release|Any CPU
		{FC133AB8-6791-4A0A-B13D-B745151566B5}.Debug|Any CPU.ActiveCfg = Debug|Any CPU
		{FC133AB8-6791-4A0A-B13D-B745151566B5}.Debug|Any CPU.Build.0 = Debug|Any CPU
		{FC133AB8-6791-4A0A-B13D-B745151566B5}.Release|Any CPU.ActiveCfg = Release|Any CPU
		{FC133AB8-6791-4A0A-B13D-B745151566B5}.Release|Any CPU.Build.0 = Release|Any CPU
	EndGlobalSection
	GlobalSection(SolutionProperties) = preSolution
		HideSolutionNode = FALSE
	EndGlobalSection
	GlobalSection(ExtensibilityGlobals) = postSolution
		SolutionGuid = {F17360CA-22AE-4774-BFE7-AFEEC656558C}
	EndGlobalSection
EndGlobal
